
Microsoft Visual Studio Solution File, Format Version 12.00
# Visual Studio Version 17
VisualStudioVersion = 17.3.32929.385
MinimumVisualStudioVersion = 10.0.40219.1
Project("{9A19103F-16F7-4668-BE54-9A1E7A4F7556}") = "LinkedList", "LinkedList\LinkedList.csproj", "{6CB6EFE7-1DB1-4ABB-A953-50C70F00A090}"
EndProject
Project("{9A19103F-16F7-4668-BE54-9A1E7A4F7556}") = "Test", "Test\Test.csproj", "{26FBD038-04E5-4D9D-BD30-7FFE91001A8F}"
EndProject
Project("{9A19103F-16F7-4668-BE54-9A1E7A4F7556}") = "Array", "Array\Array.csproj", "{474F8B2A-CEEC-4096-8973-E8B67553379E}"
EndProject
Project("{9A19103F-16F7-4668-BE54-9A1E7A4F7556}") = "Stack", "Stack\Stack.csproj", "{2861EF9A-0CE3-4470-840B-B6B1C419A7E8}"
EndProject
Project("{9A19103F-16F7-4668-BE54-9A1E7A4F7556}") = "BinaryTree", "BinaryTree\BinaryTree.csproj", "{4D517D50-EF62-4096-8FDC-000F67EB18E3}"
EndProject
Project("{FAE04EC0-301F-11D3-BF4B-00C04F79EFBC}") = "Queue", "Queue\Queue.csproj", "{8624D69B-4F1A-4CA2-B3B9-F8EEEC707108}"
EndProject
Global
	GlobalSection(SolutionConfigurationPlatforms) = preSolution
		Debug|Any CPU = Debug|Any CPU
		Release|Any CPU = Release|Any CPU
	EndGlobalSection
	GlobalSection(ProjectConfigurationPlatforms) = postSolution
		{6CB6EFE7-1DB1-4ABB-A953-50C70F00A090}.Debug|Any CPU.ActiveCfg = Debug|Any CPU
		{6CB6EFE7-1DB1-4ABB-A953-50C70F00A090}.Debug|Any CPU.Build.0 = Debug|Any CPU
		{6CB6EFE7-1DB1-4ABB-A953-50C70F00A090}.Release|Any CPU.ActiveCfg = Release|Any CPU
		{6CB6EFE7-1DB1-4ABB-A953-50C70F00A090}.Release|Any CPU.Build.0 = Release|Any CPU
		{26FBD038-04E5-4D9D-BD30-7FFE91001A8F}.Debug|Any CPU.ActiveCfg = Debug|Any CPU
		{26FBD038-04E5-4D9D-BD30-7FFE91001A8F}.Debug|Any CPU.Build.0 = Debug|Any CPU
		{26FBD038-04E5-4D9D-BD30-7FFE91001A8F}.Release|Any CPU.ActiveCfg = Release|Any CPU
		{26FBD038-04E5-4D9D-BD30-7FFE91001A8F}.Release|Any CPU.Build.0 = Release|Any CPU
		{474F8B2A-CEEC-4096-8973-E8B67553379E}.Debug|Any CPU.ActiveCfg = Debug|Any CPU
		{474F8B2A-CEEC-4096-8973-E8B67553379E}.Debug|Any CPU.Build.0 = Debug|Any CPU
		{474F8B2A-CEEC-4096-8973-E8B67553379E}.Release|Any CPU.ActiveCfg = Release|Any CPU
		{474F8B2A-CEEC-4096-8973-E8B67553379E}.Release|Any CPU.Build.0 = Release|Any CPU
		{2861EF9A-0CE3-4470-840B-B6B1C419A7E8}.Debug|Any CPU.ActiveCfg = Debug|Any CPU
		{2861EF9A-0CE3-4470-840B-B6B1C419A7E8}.Debug|Any CPU.Build.0 = Debug|Any CPU
		{2861EF9A-0CE3-4470-840B-B6B1C419A7E8}.Release|Any CPU.ActiveCfg = Release|Any CPU
		{2861EF9A-0CE3-4470-840B-B6B1C419A7E8}.Release|Any CPU.Build.0 = Release|Any CPU
		{4D517D50-EF62-4096-8FDC-000F67EB18E3}.Debug|Any CPU.ActiveCfg = Debug|Any CPU
		{4D517D50-EF62-4096-8FDC-000F67EB18E3}.Debug|Any CPU.Build.0 = Debug|Any CPU
		{4D517D50-EF62-4096-8FDC-000F67EB18E3}.Release|Any CPU.ActiveCfg = Release|Any CPU
		{4D517D50-EF62-4096-8FDC-000F67EB18E3}.Release|Any CPU.Build.0 = Release|Any CPU
		{8624D69B-4F1A-4CA2-B3B9-F8EEEC707108}.Debug|Any CPU.ActiveCfg = Debug|Any CPU
		{8624D69B-4F1A-4CA2-B3B9-F8EEEC707108}.Debug|Any CPU.Build.0 = Debug|Any CPU
		{8624D69B-4F1A-4CA2-B3B9-F8EEEC707108}.Release|Any CPU.ActiveCfg = Release|Any CPU
		{8624D69B-4F1A-4CA2-B3B9-F8EEEC707108}.Release|Any CPU.Build.0 = Release|Any CPU
	EndGlobalSection
	GlobalSection(SolutionProperties) = preSolution
		HideSolutionNode = FALSE
	EndGlobalSection
	GlobalSection(ExtensibilityGlobals) = postSolution
		SolutionGuid = {88EA9341-192F-469E-B2D9-EADE6D4E884D}
	EndGlobalSection
EndGlobal
